
Microsoft Visual Studio Solution File, Format Version 12.00
# Visual Studio 15
VisualStudioVersion = 15.0.27130.2027
MinimumVisualStudioVersion = 10.0.40219.1
Project("{FAE04EC0-301F-11D3-BF4B-00C04F79EFBC}") = "CommonBusinessLogic", "CommonBusinessLogic\CommonBusinessLogic.csproj", "{4EE845E1-7A11-4FDD-AF9F-48A13B42671F}"
EndProject
Project("{FAE04EC0-301F-11D3-BF4B-00C04F79EFBC}") = "WebApi", "WebApi\WebApi.csproj", "{C9C1510E-DAFD-49FE-81D6-762CBFACC03F}"
EndProject
Global
	GlobalSection(SolutionConfigurationPlatforms) = preSolution
		Debug|Any CPU = Debug|Any CPU
		Release|Any CPU = Release|Any CPU
	EndGlobalSection
	GlobalSection(ProjectConfigurationPlatforms) = postSolution
		{4EE845E1-7A11-4FDD-AF9F-48A13B42671F}.Debug|Any CPU.ActiveCfg = Debug|Any CPU
		{4EE845E1-7A11-4FDD-AF9F-48A13B42671F}.Debug|Any CPU.Build.0 = Debug|Any CPU
		{4EE845E1-7A11-4FDD-AF9F-48A13B42671F}.Release|Any CPU.ActiveCfg = Release|Any CPU
		{4EE845E1-7A11-4FDD-AF9F-48A13B42671F}.Release|Any CPU.Build.0 = Release|Any CPU
		{C9C1510E-DAFD-49FE-81D6-762CBFACC03F}.Debug|Any CPU.ActiveCfg = Debug|Any CPU
		{C9C1510E-DAFD-49FE-81D6-762CBFACC03F}.Debug|Any CPU.Build.0 = Debug|Any CPU
		{C9C1510E-DAFD-49FE-81D6-762CBFACC03F}.Release|Any CPU.ActiveCfg = Release|Any CPU
		{C9C1510E-DAFD-49FE-81D6-762CBFACC03F}.Release|Any CPU.Build.0 = Release|Any CPU
	EndGlobalSection
	GlobalSection(SolutionProperties) = preSolution
		HideSolutionNode = FALSE
	EndGlobalSection
	GlobalSection(ExtensibilityGlobals) = postSolution
		SolutionGuid = {604BF700-1B28-4526-BA86-5769C0AF369B}
	EndGlobalSection
EndGlobal
